{"filter":false,"title":"composer.lock","tooltip":"/composer.lock","undoManager":{"mark":-1,"position":-1,"stack":[]},"ace":{"folds":[],"scrolltop":26669.637451171875,"scrollleft":0,"selection":{"start":{"row":0,"column":0},"end":{"row":0,"column":0},"isBackwards":false},"options":{"guessTabSize":true,"useWrapMode":false,"wrapToView":true},"firstLineState":{"row":1776,"state":"start","mode":"ace/mode/json"}},"timestamp":1463384783607,"hash":"bddff66bf24a0e2540becce40c1f41cff4646695"}